
Microsoft Visual Studio Solution File, Format Version 12.00
# Visual Studio 15
VisualStudioVersion = 15.0.27703.2000
MinimumVisualStudioVersion = 10.0.40219.1
Project("{FAE04EC0-301F-11D3-BF4B-00C04F79EFBC}") = "Server", "Server\Server.csproj", "{6E854F36-EA82-4F6D-B3F8-9CD57D750988}"
EndProject
Global
	GlobalSection(SolutionConfigurationPlatforms) = preSolution
		Debug|Any CPU = Debug|Any CPU
		Release|Any CPU = Release|Any CPU
	EndGlobalSection
	GlobalSection(ProjectConfigurationPlatforms) = postSolution
		{6E854F36-EA82-4F6D-B3F8-9CD57D750988}.Debug|Any CPU.ActiveCfg = Debug|Any CPU
		{6E854F36-EA82-4F6D-B3F8-9CD57D750988}.Debug|Any CPU.Build.0 = Debug|Any CPU
		{6E854F36-EA82-4F6D-B3F8-9CD57D750988}.Release|Any CPU.ActiveCfg = Release|Any CPU
		{6E854F36-EA82-4F6D-B3F8-9CD57D750988}.Release|Any CPU.Build.0 = Release|Any CPU
	EndGlobalSection
	GlobalSection(SolutionProperties) = preSolution
		HideSolutionNode = FALSE
	EndGlobalSection
	GlobalSection(ExtensibilityGlobals) = postSolution
		SolutionGuid = {3374A5C7-AD79-4695-B6DC-F3AB102917BB}
	EndGlobalSection
EndGlobal
